
Microsoft Visual Studio Solution File, Format Version 12.00
# Visual Studio Version 16
VisualStudioVersion = 16.0.31321.278
MinimumVisualStudioVersion = 10.0.40219.1
Project("{9A19103F-16F7-4668-BE54-9A1E7A4F7556}") = "RadioBrowser.net", "RadioBrowser.net\RadioBrowser.net.csproj", "{373C10C1-DA91-4919-9D34-11B0BCA22D57}"
EndProject
Project("{9A19103F-16F7-4668-BE54-9A1E7A4F7556}") = "TestRadioBrowser.net", "TestRadioBrowser.net\TestRadioBrowser.net.csproj", "{F84C783C-DA9E-4423-B4EB-AF7FD4598CAA}"
EndProject
Project("{2150E333-8FDC-42A3-9474-1A3956D46DE8}") = "Solution Items", "Solution Items", "{E7156C37-B3C8-4090-BF81-7BDB2947E1D3}"
	ProjectSection(SolutionItems) = preProject
		README.md = README.md
	EndProjectSection
EndProject
Global
	GlobalSection(SolutionConfigurationPlatforms) = preSolution
		Debug|Any CPU = Debug|Any CPU
		Release|Any CPU = Release|Any CPU
	EndGlobalSection
	GlobalSection(ProjectConfigurationPlatforms) = postSolution
		{373C10C1-DA91-4919-9D34-11B0BCA22D57}.Debug|Any CPU.ActiveCfg = Debug|Any CPU
		{373C10C1-DA91-4919-9D34-11B0BCA22D57}.Debug|Any CPU.Build.0 = Debug|Any CPU
		{373C10C1-DA91-4919-9D34-11B0BCA22D57}.Release|Any CPU.ActiveCfg = Release|Any CPU
		{373C10C1-DA91-4919-9D34-11B0BCA22D57}.Release|Any CPU.Build.0 = Release|Any CPU
		{F84C783C-DA9E-4423-B4EB-AF7FD4598CAA}.Debug|Any CPU.ActiveCfg = Debug|Any CPU
		{F84C783C-DA9E-4423-B4EB-AF7FD4598CAA}.Debug|Any CPU.Build.0 = Debug|Any CPU
		{F84C783C-DA9E-4423-B4EB-AF7FD4598CAA}.Release|Any CPU.ActiveCfg = Release|Any CPU
		{F84C783C-DA9E-4423-B4EB-AF7FD4598CAA}.Release|Any CPU.Build.0 = Release|Any CPU
	EndGlobalSection
	GlobalSection(SolutionProperties) = preSolution
		HideSolutionNode = FALSE
	EndGlobalSection
	GlobalSection(ExtensibilityGlobals) = postSolution
		SolutionGuid = {0630B09E-4E25-4818-AF8B-29EDC5E9C8C5}
	EndGlobalSection
EndGlobal
